
Microsoft Visual Studio Solution File, Format Version 12.00
# Visual Studio 14
VisualStudioVersion = 14.0.25420.1
MinimumVisualStudioVersion = 10.0.40219.1
Project("{8BC9CEB8-8B4A-11D0-8D11-00A0C91BC942}") = "connect4solver", "connect4solver\connect4solver.vcxproj", "{2A4BC113-0C68-4E04-9504-AE1370AC83DD}"
EndProject
Project("{8BC9CEB8-8B4A-11D0-8D11-00A0C91BC942}") = "connect4solverTests", "connect4solverTests\connect4solverTests.vcxproj", "{B1C1655C-1150-425B-B7FB-9F350BFAC13A}"
EndProject
Project("{8BC9CEB8-8B4A-11D0-8D11-00A0C91BC942}") = "cpp11-on-multicore", "cpp11-on-multicore\cpp11-on-multicore.vcxproj", "{8C7DAE51-6952-44F3-AF8F-F152FB832102}"
EndProject
Project("{2150E333-8FDC-42A3-9474-1A3956D46DE8}") = "Solution Items", "Solution Items", "{BC0E936D-9368-4E75-A8EE-C51CF500620A}"
	ProjectSection(SolutionItems) = preProject
		.gitignore = .gitignore
		ToDo.md = ToDo.md
	EndProjectSection
EndProject
Global
	GlobalSection(SolutionConfigurationPlatforms) = preSolution
		Debug|x64 = Debug|x64
		Debug|x86 = Debug|x86
		Release|x64 = Release|x64
		Release|x86 = Release|x86
	EndGlobalSection
	GlobalSection(ProjectConfigurationPlatforms) = postSolution
		{2A4BC113-0C68-4E04-9504-AE1370AC83DD}.Debug|x64.ActiveCfg = Debug|x64
		{2A4BC113-0C68-4E04-9504-AE1370AC83DD}.Debug|x64.Build.0 = Debug|x64
		{2A4BC113-0C68-4E04-9504-AE1370AC83DD}.Debug|x86.ActiveCfg = Debug|Win32
		{2A4BC113-0C68-4E04-9504-AE1370AC83DD}.Debug|x86.Build.0 = Debug|Win32
		{2A4BC113-0C68-4E04-9504-AE1370AC83DD}.Release|x64.ActiveCfg = Release|x64
		{2A4BC113-0C68-4E04-9504-AE1370AC83DD}.Release|x64.Build.0 = Release|x64
		{2A4BC113-0C68-4E04-9504-AE1370AC83DD}.Release|x86.ActiveCfg = Release|Win32
		{2A4BC113-0C68-4E04-9504-AE1370AC83DD}.Release|x86.Build.0 = Release|Win32
		{B1C1655C-1150-425B-B7FB-9F350BFAC13A}.Debug|x64.ActiveCfg = Debug|x64
		{B1C1655C-1150-425B-B7FB-9F350BFAC13A}.Debug|x64.Build.0 = Debug|x64
		{B1C1655C-1150-425B-B7FB-9F350BFAC13A}.Debug|x86.ActiveCfg = Debug|Win32
		{B1C1655C-1150-425B-B7FB-9F350BFAC13A}.Debug|x86.Build.0 = Debug|Win32
		{B1C1655C-1150-425B-B7FB-9F350BFAC13A}.Release|x64.ActiveCfg = Release|x64
		{B1C1655C-1150-425B-B7FB-9F350BFAC13A}.Release|x64.Build.0 = Release|x64
		{B1C1655C-1150-425B-B7FB-9F350BFAC13A}.Release|x86.ActiveCfg = Release|Win32
		{B1C1655C-1150-425B-B7FB-9F350BFAC13A}.Release|x86.Build.0 = Release|Win32
		{8C7DAE51-6952-44F3-AF8F-F152FB832102}.Debug|x64.ActiveCfg = Debug|x64
		{8C7DAE51-6952-44F3-AF8F-F152FB832102}.Debug|x64.Build.0 = Debug|x64
		{8C7DAE51-6952-44F3-AF8F-F152FB832102}.Debug|x86.ActiveCfg = Debug|Win32
		{8C7DAE51-6952-44F3-AF8F-F152FB832102}.Debug|x86.Build.0 = Debug|Win32
		{8C7DAE51-6952-44F3-AF8F-F152FB832102}.Release|x64.ActiveCfg = Release|x64
		{8C7DAE51-6952-44F3-AF8F-F152FB832102}.Release|x64.Build.0 = Release|x64
		{8C7DAE51-6952-44F3-AF8F-F152FB832102}.Release|x86.ActiveCfg = Release|Win32
		{8C7DAE51-6952-44F3-AF8F-F152FB832102}.Release|x86.Build.0 = Release|Win32
	EndGlobalSection
	GlobalSection(SolutionProperties) = preSolution
		HideSolutionNode = FALSE
	EndGlobalSection
EndGlobal
